
Microsoft Visual Studio Solution File, Format Version 12.00
# Visual Studio Version 17
VisualStudioVersion = 17.9.34728.123
MinimumVisualStudioVersion = 10.0.40219.1
Project("{9A19103F-16F7-4668-BE54-9A1E7A4F7556}") = "HangfireService", "HangfireService.csproj", "{D65E4F62-F79E-4984-B956-47CA5FDFB989}"
EndProject
Project("{54435603-DBB4-11D2-8724-00A0C9A8B90C}") = "HangfireServiceSetup", "HangfireServiceSetup\HangfireServiceSetup.vdproj", "{C5E57C66-FBE3-411C-9272-60345F13090B}"
EndProject
Global
	GlobalSection(SolutionConfigurationPlatforms) = preSolution
		Debug|Any CPU = Debug|Any CPU
		Release|Any CPU = Release|Any CPU
	EndGlobalSection
	GlobalSection(ProjectConfigurationPlatforms) = postSolution
		{D65E4F62-F79E-4984-B956-47CA5FDFB989}.Debug|Any CPU.ActiveCfg = Debug|Any CPU
		{D65E4F62-F79E-4984-B956-47CA5FDFB989}.Debug|Any CPU.Build.0 = Debug|Any CPU
		{D65E4F62-F79E-4984-B956-47CA5FDFB989}.Release|Any CPU.ActiveCfg = Release|Any CPU
		{D65E4F62-F79E-4984-B956-47CA5FDFB989}.Release|Any CPU.Build.0 = Release|Any CPU
		{C5E57C66-FBE3-411C-9272-60345F13090B}.Debug|Any CPU.ActiveCfg = Debug
		{C5E57C66-FBE3-411C-9272-60345F13090B}.Release|Any CPU.ActiveCfg = Release
	EndGlobalSection
	GlobalSection(SolutionProperties) = preSolution
		HideSolutionNode = FALSE
	EndGlobalSection
	GlobalSection(ExtensibilityGlobals) = postSolution
		SolutionGuid = {EE3410A4-03F4-42B4-8004-A3C45E2274D1}
	EndGlobalSection
EndGlobal
